
Microsoft Visual Studio Solution File, Format Version 12.00
# Visual Studio 2013
VisualStudioVersion = 12.0.21005.1
MinimumVisualStudioVersion = 10.0.40219.1
Project("{FAE04EC0-301F-11D3-BF4B-00C04F79EFBC}") = "PliWeb", "PliWeb\PliWeb.csproj", "{4C92F137-3E5C-4591-8896-EFCF9D3C49D5}"
EndProject
Global
	GlobalSection(SolutionConfigurationPlatforms) = preSolution
		Debug|Any CPU = Debug|Any CPU
		Release|Any CPU = Release|Any CPU
	EndGlobalSection
	GlobalSection(ProjectConfigurationPlatforms) = postSolution
		{4C92F137-3E5C-4591-8896-EFCF9D3C49D5}.Debug|Any CPU.ActiveCfg = Debug|Any CPU
		{4C92F137-3E5C-4591-8896-EFCF9D3C49D5}.Debug|Any CPU.Build.0 = Debug|Any CPU
		{4C92F137-3E5C-4591-8896-EFCF9D3C49D5}.Release|Any CPU.ActiveCfg = Release|Any CPU
		{4C92F137-3E5C-4591-8896-EFCF9D3C49D5}.Release|Any CPU.Build.0 = Release|Any CPU
	EndGlobalSection
	GlobalSection(SolutionProperties) = preSolution
		HideSolutionNode = FALSE
	EndGlobalSection
EndGlobal
